
Microsoft Visual Studio Solution File, Format Version 12.00
# Visual Studio Version 17
VisualStudioVersion = 17.9.34728.123
MinimumVisualStudioVersion = 10.0.40219.1
Project("{FAE04EC0-301F-11D3-BF4B-00C04F79EFBC}") = "MY APP WEB-API", "MY APP WEB-API.csproj", "{675D6F57-1DBB-44D9-AE07-73413F8921DB}"
EndProject
Global
	GlobalSection(SolutionConfigurationPlatforms) = preSolution
		Debug|Any CPU = Debug|Any CPU
		Release|Any CPU = Release|Any CPU
	EndGlobalSection
	GlobalSection(ProjectConfigurationPlatforms) = postSolution
		{675D6F57-1DBB-44D9-AE07-73413F8921DB}.Debug|Any CPU.ActiveCfg = Debug|Any CPU
		{675D6F57-1DBB-44D9-AE07-73413F8921DB}.Debug|Any CPU.Build.0 = Debug|Any CPU
		{675D6F57-1DBB-44D9-AE07-73413F8921DB}.Release|Any CPU.ActiveCfg = Release|Any CPU
		{675D6F57-1DBB-44D9-AE07-73413F8921DB}.Release|Any CPU.Build.0 = Release|Any CPU
	EndGlobalSection
	GlobalSection(SolutionProperties) = preSolution
		HideSolutionNode = FALSE
	EndGlobalSection
	GlobalSection(ExtensibilityGlobals) = postSolution
		SolutionGuid = {3DAECF45-D109-4344-9A06-3A150D6760F8}
	EndGlobalSection
EndGlobal
